// !$*UTF8*$!
{
	archiveVersion = 1;
	classes = {
	};
	objectVersion = 56;
	objects = {

/* Begin PBXBuildFile section */
		ED2BCE302B0F55D60041E7BB /* EditMovieView.swift in Sources */ = {isa = PBXBuildFile; fileRef = ED2BCE2F2B0F55D60041E7BB /* EditMovieView.swift */; };
		ED2BCE322B0F9C5D0041E7BB /* MovieApi.swift in Sources */ = {isa = PBXBuildFile; fileRef = ED2BCE312B0F9C5D0041E7BB /* MovieApi.swift */; };
		ED337A622B0DFC170025484A /* MovieListView.swift in Sources */ = {isa = PBXBuildFile; fileRef = ED337A612B0DFC170025484A /* MovieListView.swift */; };
		ED337A642B0E04BA0025484A /* FavoriteMoviesView.swift in Sources */ = {isa = PBXBuildFile; fileRef = ED337A632B0E04BA0025484A /* FavoriteMoviesView.swift */; };
		ED3C1B3B2B0CDD3900346792 /* MovieDetailsView.swift in Sources */ = {isa = PBXBuildFile; fileRef = ED3C1B3A2B0CDD3900346792 /* MovieDetailsView.swift */; };
		ED3C1B3D2B0CEAEF00346792 /* Movie.swift in Sources */ = {isa = PBXBuildFile; fileRef = ED3C1B3C2B0CEAEF00346792 /* Movie.swift */; };
		ED3C1B3F2B0CEB6700346792 /* MovieCell.swift in Sources */ = {isa = PBXBuildFile; fileRef = ED3C1B3E2B0CEB6700346792 /* MovieCell.swift */; };
		ED3C1B412B0CED0D00346792 /* NewMovieScreen.swift in Sources */ = {isa = PBXBuildFile; fileRef = ED3C1B402B0CED0D00346792 /* NewMovieScreen.swift */; };
		ED82CEC22B0E50260052EAAC /* MovieSearchResponse.swift in Sources */ = {isa = PBXBuildFile; fileRef = ED82CEC12B0E50260052EAAC /* MovieSearchResponse.swift */; };
		EDFEEAC22B0B6CDD0032439A /* LorenzoProjectApp.swift in Sources */ = {isa = PBXBuildFile; fileRef = EDFEEAC12B0B6CDD0032439A /* LorenzoProjectApp.swift */; };
		EDFEEAC42B0B6CDD0032439A /* ContentView.swift in Sources */ = {isa = PBXBuildFile; fileRef = EDFEEAC32B0B6CDD0032439A /* ContentView.swift */; };
		EDFEEAC62B0B6CE00032439A /* Assets.xcassets in Resources */ = {isa = PBXBuildFile; fileRef = EDFEEAC52B0B6CE00032439A /* Assets.xcassets */; };
		EDFEEAC92B0B6CE00032439A /* Preview Assets.xcassets in Resources */ = {isa = PBXBuildFile; fileRef = EDFEEAC82B0B6CE00032439A /* Preview Assets.xcassets */; };
/* End PBXBuildFile section */

/* Begin PBXFileReference section */
		ED2BCE2F2B0F55D60041E7BB /* EditMovieView.swift */ = {isa = PBXFileReference; lastKnownFileType = sourcecode.swift; path = EditMovieView.swift; sourceTree = "<group>"; };
		ED2BCE312B0F9C5D0041E7BB /* MovieApi.swift */ = {isa = PBXFileReference; lastKnownFileType = sourcecode.swift; path = MovieApi.swift; sourceTree = "<group>"; };
		ED337A612B0DFC170025484A /* MovieListView.swift */ = {isa = PBXFileReference; lastKnownFileType = sourcecode.swift; path = MovieListView.swift; sourceTree = "<group>"; };
		ED337A632B0E04BA0025484A /* FavoriteMoviesView.swift */ = {isa = PBXFileReference; lastKnownFileType = sourcecode.swift; path = FavoriteMoviesView.swift; sourceTree = "<group>"; };
		ED3C1B3A2B0CDD3900346792 /* MovieDetailsView.swift */ = {isa = PBXFileReference; lastKnownFileType = sourcecode.swift; path = MovieDetailsView.swift; sourceTree = "<group>"; };
		ED3C1B3C2B0CEAEF00346792 /* Movie.swift */ = {isa = PBXFileReference; lastKnownFileType = sourcecode.swift; path = Movie.swift; sourceTree = "<group>"; };
		ED3C1B3E2B0CEB6700346792 /* MovieCell.swift */ = {isa = PBXFileReference; lastKnownFileType = sourcecode.swift; path = MovieCell.swift; sourceTree = "<group>"; };
		ED3C1B402B0CED0D00346792 /* NewMovieScreen.swift */ = {isa = PBXFileReference; lastKnownFileType = sourcecode.swift; path = NewMovieScreen.swift; sourceTree = "<group>"; };
		ED82CEC12B0E50260052EAAC /* MovieSearchResponse.swift */ = {isa = PBXFileReference; lastKnownFileType = sourcecode.swift; path = MovieSearchResponse.swift; sourceTree = "<group>"; };
		EDFEEABE2B0B6CDD0032439A /* LorenzoProject.app */ = {isa = PBXFileReference; explicitFileType = wrapper.application; includeInIndex = 0; path = LorenzoProject.app; sourceTree = BUILT_PRODUCTS_DIR; };
		EDFEEAC12B0B6CDD0032439A /* LorenzoProjectApp.swift */ = {isa = PBXFileReference; lastKnownFileType = sourcecode.swift; path = LorenzoProjectApp.swift; sourceTree = "<group>"; };
		EDFEEAC32B0B6CDD0032439A /* ContentView.swift */ = {isa = PBXFileReference; lastKnownFileType = sourcecode.swift; path = ContentView.swift; sourceTree = "<group>"; };
		EDFEEAC52B0B6CE00032439A /* Assets.xcassets */ = {isa = PBXFileReference; lastKnownFileType = folder.assetcatalog; path = Assets.xcassets; sourceTree = "<group>"; };
		EDFEEAC82B0B6CE00032439A /* Preview Assets.xcassets */ = {isa = PBXFileReference; lastKnownFileType = folder.assetcatalog; path = "Preview Assets.xcassets"; sourceTree = "<group>"; };
/* End PBXFileReference section */

/* Begin PBXFrameworksBuildPhase section */
		EDFEEABB2B0B6CDD0032439A /* Frameworks */ = {
			isa = PBXFrameworksBuildPhase;
			buildActionMask = 2147483647;
			files = (
			);
			runOnlyForDeploymentPostprocessing = 0;
		};
/* End PBXFrameworksBuildPhase section */

/* Begin PBXGroup section */
		ED82CEBD2B0E478F0052EAAC /* Model */ = {
			isa = PBXGroup;
			children = (
				ED3C1B3C2B0CEAEF00346792 /* Movie.swift */,
				ED2BCE312B0F9C5D0041E7BB /* MovieApi.swift */,
				ED82CEC12B0E50260052EAAC /* MovieSearchResponse.swift */,
			);
			path = Model;
			sourceTree = "<group>";
		};
		ED82CEC02B0E48D30052EAAC /* Views */ = {
			isa = PBXGroup;
			children = (
				ED337A612B0DFC170025484A /* MovieListView.swift */,
				ED3C1B3A2B0CDD3900346792 /* MovieDetailsView.swift */,
				ED337A632B0E04BA0025484A /* FavoriteMoviesView.swift */,
				ED3C1B402B0CED0D00346792 /* NewMovieScreen.swift */,
				EDFEEAC32B0B6CDD0032439A /* ContentView.swift */,
				ED2BCE2F2B0F55D60041E7BB /* EditMovieView.swift */,
				ED3C1B3E2B0CEB6700346792 /* MovieCell.swift */,
			);
			path = Views;
			sourceTree = "<group>";
		};
		EDFEEAB52B0B6CDD0032439A = {
			isa = PBXGroup;
			children = (
				EDFEEAC02B0B6CDD0032439A /* LorenzoProject */,
				EDFEEABF2B0B6CDD0032439A /* Products */,
			);
			sourceTree = "<group>";
		};
		EDFEEABF2B0B6CDD0032439A /* Products */ = {
			isa = PBXGroup;
			children = (
				EDFEEABE2B0B6CDD0032439A /* LorenzoProject.app */,
			);
			name = Products;
			sourceTree = "<group>";
		};
		EDFEEAC02B0B6CDD0032439A /* LorenzoProject */ = {
			isa = PBXGroup;
			children = (
				ED82CEBD2B0E478F0052EAAC /* Model */,
				ED82CEC02B0E48D30052EAAC /* Views */,
				EDFEEAC12B0B6CDD0032439A /* LorenzoProjectApp.swift */,
				EDFEEAC52B0B6CE00032439A /* Assets.xcassets */,
				EDFEEAC72B0B6CE00032439A /* Preview Content */,
			);
			path = LorenzoProject;
			sourceTree = "<group>";
		};
		EDFEEAC72B0B6CE00032439A /* Preview Content */ = {
			isa = PBXGroup;
			children = (
				EDFEEAC82B0B6CE00032439A /* Preview Assets.xcassets */,
			);
			path = "Preview Content";
			sourceTree = "<group>";
		};
/* End PBXGroup section */

/* Begin PBXNativeTarget section */
		EDFEEABD2B0B6CDD0032439A /* LorenzoProject */ = {
			isa = PBXNativeTarget;
			buildConfigurationList = EDFEEACC2B0B6CE00032439A /* Build configuration list for PBXNativeTarget "LorenzoProject" */;
			buildPhases = (
				EDFEEABA2B0B6CDD0032439A /* Sources */,
				EDFEEABB2B0B6CDD0032439A /* Frameworks */,
				EDFEEABC2B0B6CDD0032439A /* Resources */,
			);
			buildRules = (
			);
			dependencies = (
			);
			name = LorenzoProject;
			productName = LorenzoProject;
			productReference = EDFEEABE2B0B6CDD0032439A /* LorenzoProject.app */;
			productType = "com.apple.product-type.application";
		};
/* End PBXNativeTarget section */

/* Begin PBXProject section */
		EDFEEAB62B0B6CDD0032439A /* Project object */ = {
			isa = PBXProject;
			attributes = {
				BuildIndependentTargetsInParallel = 1;
				LastSwiftUpdateCheck = 1500;
				LastUpgradeCheck = 1500;
				TargetAttributes = {
					EDFEEABD2B0B6CDD0032439A = {
						CreatedOnToolsVersion = 15.0;
					};
				};
			};
			buildConfigurationList = EDFEEAB92B0B6CDD0032439A /* Build configuration list for PBXProject "LorenzoProject" */;
			compatibilityVersion = "Xcode 14.0";
			developmentRegion = en;
			hasScannedForEncodings = 0;
			knownRegions = (
				en,
				Base,
			);
			mainGroup = EDFEEAB52B0B6CDD0032439A;
			productRefGroup = EDFEEABF2B0B6CDD0032439A /* Products */;
			projectDirPath = "";
			projectRoot = "";
			targets = (
				EDFEEABD2B0B6CDD0032439A /* LorenzoProject */,
			);
		};
/* End PBXProject section */

/* Begin PBXResourcesBuildPhase section */
		EDFEEABC2B0B6CDD0032439A /* Resources */ = {
			isa = PBXResourcesBuildPhase;
			buildActionMask = 2147483647;
			files = (
				EDFEEAC92B0B6CE00032439A /* Preview Assets.xcassets in Resources */,
				EDFEEAC62B0B6CE00032439A /* Assets.xcassets in Resources */,
			);
			runOnlyForDeploymentPostprocessing = 0;
		};
/* End PBXResourcesBuildPhase section */

/* Begin PBXSourcesBuildPhase section */
		EDFEEABA2B0B6CDD0032439A /* Sources */ = {
			isa = PBXSourcesBuildPhase;
			buildActionMask = 2147483647;
			files = (
				ED3C1B412B0CED0D00346792 /* NewMovieScreen.swift in Sources */,
				ED337A642B0E04BA0025484A /* FavoriteMoviesView.swift in Sources */,
				ED337A622B0DFC170025484A /* MovieListView.swift in Sources */,
				ED2BCE302B0F55D60041E7BB /* EditMovieView.swift in Sources */,
				EDFEEAC42B0B6CDD0032439A /* ContentView.swift in Sources */,
				ED2BCE322B0F9C5D0041E7BB /* MovieApi.swift in Sources */,
				ED3C1B3F2B0CEB6700346792 /* MovieCell.swift in Sources */,
				ED3C1B3B2B0CDD3900346792 /* MovieDetailsView.swift in Sources */,
				ED82CEC22B0E50260052EAAC /* MovieSearchResponse.swift in Sources */,
				EDFEEAC22B0B6CDD0032439A /* LorenzoProjectApp.swift in Sources */,
				ED3C1B3D2B0CEAEF00346792 /* Movie.swift in Sources */,
			);
			runOnlyForDeploymentPostprocessing = 0;
		};
/* End PBXSourcesBuildPhase section */

/* Begin XCBuildConfiguration section */
		EDFEEACA2B0B6CE00032439A /* Debug */ = {
			isa = XCBuildConfiguration;
			buildSettings = {
				ALWAYS_SEARCH_USER_PATHS = NO;
				ASSETCATALOG_COMPILER_GENERATE_SWIFT_ASSET_SYMBOL_EXTENSIONS = YES;
				CLANG_ANALYZER_NONNULL = YES;
				CLANG_ANALYZER_NUMBER_OBJECT_CONVERSION = YES_AGGRESSIVE;
				CLANG_CXX_LANGUAGE_STANDARD = "gnu++20";
				CLANG_ENABLE_MODULES = YES;
				CLANG_ENABLE_OBJC_ARC = YES;
				CLANG_ENABLE_OBJC_WEAK = YES;
				CLANG_WARN_BLOCK_CAPTURE_AUTORELEASING = YES;
				CLANG_WARN_BOOL_CONVERSION = YES;
				CLANG_WARN_COMMA = YES;
				CLANG_WARN_CONSTANT_CONVERSION = YES;
				CLANG_WARN_DEPRECATED_OBJC_IMPLEMENTATIONS = YES;
				CLANG_WARN_DIRECT_OBJC_ISA_USAGE = YES_ERROR;
				CLANG_WARN_DOCUMENTATION_COMMENTS = YES;
				CLANG_WARN_EMPTY_BODY = YES;
				CLANG_WARN_ENUM_CONVERSION = YES;
				CLANG_WARN_INFINITE_RECURSION = YES;
				CLANG_WARN_INT_CONVERSION = YES;
				CLANG_WARN_NON_LITERAL_NULL_CONVERSION = YES;
				CLANG_WARN_OBJC_IMPLICIT_RETAIN_SELF = YES;
				CLANG_WARN_OBJC_LITERAL_CONVERSION = YES;
				CLANG_WARN_OBJC_ROOT_CLASS = YES_ERROR;
				CLANG_WARN_QUOTED_INCLUDE_IN_FRAMEWORK_HEADER = YES;
				CLANG_WARN_RANGE_LOOP_ANALYSIS = YES;
				CLANG_WARN_STRICT_PROTOTYPES = YES;
				CLANG_WARN_SUSPICIOUS_MOVE = YES;
				CLANG_WARN_UNGUARDED_AVAILABILITY = YES_AGGRESSIVE;
				CLANG_WARN_UNREACHABLE_CODE = YES;
				CLANG_WARN__DUPLICATE_METHOD_MATCH = YES;
				COPY_PHASE_STRIP = NO;
				DEBUG_INFORMATION_FORMAT = dwarf;
				ENABLE_STRICT_OBJC_MSGSEND = YES;
				ENABLE_TESTABILITY = YES;
				ENABLE_USER_SCRIPT_SANDBOXING = YES;
				GCC_C_LANGUAGE_STANDARD = gnu17;
				GCC_DYNAMIC_NO_PIC = NO;
				GCC_NO_COMMON_BLOCKS = YES;
				GCC_OPTIMIZATION_LEVEL = 0;
				GCC_PREPROCESSOR_DEFINITIONS = (
					"DEBUG=1",
					"$(inherited)",
				);
				GCC_WARN_64_TO_32_BIT_CONVERSION = YES;
				GCC_WARN_ABOUT_RETURN_TYPE = YES_ERROR;
				GCC_WARN_UNDECLARED_SELECTOR = YES;
				GCC_WARN_UNINITIALIZED_AUTOS = YES_AGGRESSIVE;
				GCC_WARN_UNUSED_FUNCTION = YES;
				GCC_WARN_UNUSED_VARIABLE = YES;
				IPHONEOS_DEPLOYMENT_TARGET = 17.0;
				LOCALIZATION_PREFERS_STRING_CATALOGS = YES;
				MTL_ENABLE_DEBUG_INFO = INCLUDE_SOURCE;
				MTL_FAST_MATH = YES;
				ONLY_ACTIVE_ARCH = YES;
				SDKROOT = iphoneos;
				SWIFT_ACTIVE_COMPILATION_CONDITIONS = "DEBUG $(inherited)";
				SWIFT_OPTIMIZATION_LEVEL = "-Onone";
			};
			name = Debug;
		};
		EDFEEACB2B0B6CE00032439A /* Release */ = {
			isa = XCBuildConfiguration;
			buildSettings = {
				ALWAYS_SEARCH_USER_PATHS = NO;
				ASSETCATALOG_COMPILER_GENERATE_SWIFT_ASSET_SYMBOL_EXTENSIONS = YES;
				CLANG_ANALYZER_NONNULL = YES;
				CLANG_ANALYZER_NUMBER_OBJECT_CONVERSION = YES_AGGRESSIVE;
				CLANG_CXX_LANGUAGE_STANDARD = "gnu++20";
				CLANG_ENABLE_MODULES = YES;
				CLANG_ENABLE_OBJC_ARC = YES;
				CLANG_ENABLE_OBJC_WEAK = YES;
				CLANG_WARN_BLOCK_CAPTURE_AUTORELEASING = YES;
				CLANG_WARN_BOOL_CONVERSION = YES;
				CLANG_WARN_COMMA = YES;
				CLANG_WARN_CONSTANT_CONVERSION = YES;
				CLANG_WARN_DEPRECATED_OBJC_IMPLEMENTATIONS = YES;
				CLANG_WARN_DIRECT_OBJC_ISA_USAGE = YES_ERROR;
				CLANG_WARN_DOCUMENTATION_COMMENTS = YES;
				CLANG_WARN_EMPTY_BODY = YES;
				CLANG_WARN_ENUM_CONVERSION = YES;
				CLANG_WARN_INFINITE_RECURSION = YES;
				CLANG_WARN_INT_CONVERSION = YES;
				CLANG_WARN_NON_LITERAL_NULL_CONVERSION = YES;
				CLANG_WARN_OBJC_IMPLICIT_RETAIN_SELF = YES;
				CLANG_WARN_OBJC_LITERAL_CONVERSION = YES;
				CLANG_WARN_OBJC_ROOT_CLASS = YES_ERROR;
				CLANG_WARN_QUOTED_INCLUDE_IN_FRAMEWORK_HEADER = YES;
				CLANG_WARN_RANGE_LOOP_ANALYSIS = YES;
				CLANG_WARN_STRICT_PROTOTYPES = YES;
				CLANG_WARN_SUSPICIOUS_MOVE = YES;
				CLANG_WARN_UNGUARDED_AVAILABILITY = YES_AGGRESSIVE;
				CLANG_WARN_UNREACHABLE_CODE = YES;
				CLANG_WARN__DUPLICATE_METHOD_MATCH = YES;
				COPY_PHASE_STRIP = NO;
				DEBUG_INFORMATION_FORMAT = "dwarf-with-dsym";
				ENABLE_NS_ASSERTIONS = NO;
				ENABLE_STRICT_OBJC_MSGSEND = YES;
				ENABLE_USER_SCRIPT_SANDBOXING = YES;
				GCC_C_LANGUAGE_STANDARD = gnu17;
				GCC_NO_COMMON_BLOCKS = YES;
				GCC_WARN_64_TO_32_BIT_CONVERSION = YES;
				GCC_WARN_ABOUT_RETURN_TYPE = YES_ERROR;
				GCC_WARN_UNDECLARED_SELECTOR = YES;
				GCC_WARN_UNINITIALIZED_AUTOS = YES_AGGRESSIVE;
				GCC_WARN_UNUSED_FUNCTION = YES;
				GCC_WARN_UNUSED_VARIABLE = YES;
				IPHONEOS_DEPLOYMENT_TARGET = 17.0;
				LOCALIZATION_PREFERS_STRING_CATALOGS = YES;
				MTL_ENABLE_DEBUG_INFO = NO;
				MTL_FAST_MATH = YES;
				SDKROOT = iphoneos;
				SWIFT_COMPILATION_MODE = wholemodule;
				VALIDATE_PRODUCT = YES;
			};
			name = Release;
		};
		EDFEEACD2B0B6CE00032439A /* Debug */ = {
			isa = XCBuildConfiguration;
			buildSettings = {
				ASSETCATALOG_COMPILER_APPICON_NAME = AppIcon;
				ASSETCATALOG_COMPILER_GLOBAL_ACCENT_COLOR_NAME = AccentColor;
				CODE_SIGN_STYLE = Automatic;
				CURRENT_PROJECT_VERSION = 1;
				DEVELOPMENT_ASSET_PATHS = "\"LorenzoProject/Preview Content\"";
				ENABLE_PREVIEWS = YES;
				GENERATE_INFOPLIST_FILE = YES;
				INFOPLIST_KEY_UIApplicationSceneManifest_Generation = YES;
				INFOPLIST_KEY_UIApplicationSupportsIndirectInputEvents = YES;
				INFOPLIST_KEY_UILaunchScreen_Generation = YES;
				INFOPLIST_KEY_UISupportedInterfaceOrientations_iPad = "UIInterfaceOrientationPortrait UIInterfaceOrientationPortraitUpsideDown UIInterfaceOrientationLandscapeLeft UIInterfaceOrientationLandscapeRight";
				INFOPLIST_KEY_UISupportedInterfaceOrientations_iPhone = "UIInterfaceOrientationPortrait UIInterfaceOrientationLandscapeLeft UIInterfaceOrientationLandscapeRight";
				LD_RUNPATH_SEARCH_PATHS = (
					"$(inherited)",
					"@executable_path/Frameworks",
				);
				MARKETING_VERSION = 1.0;
				PRODUCT_BUNDLE_IDENTIFIER = dev.Lorenzo.LorenzoProject;
				PRODUCT_NAME = "$(TARGET_NAME)";
				SWIFT_EMIT_LOC_STRINGS = YES;
				SWIFT_VERSION = 5.0;
				TARGETED_DEVICE_FAMILY = "1,2";
			};
			name = Debug;
		};
		EDFEEACE2B0B6CE00032439A /* Release */ = {
			isa = XCBuildConfiguration;
			buildSettings = {
				ASSETCATALOG_COMPILER_APPICON_NAME = AppIcon;
				ASSETCATALOG_COMPILER_GLOBAL_ACCENT_COLOR_NAME = AccentColor;
				CODE_SIGN_STYLE = Automatic;
				CURRENT_PROJECT_VERSION = 1;
				DEVELOPMENT_ASSET_PATHS = "\"LorenzoProject/Preview Content\"";
				ENABLE_PREVIEWS = YES;
				GENERATE_INFOPLIST_FILE = YES;
				INFOPLIST_KEY_UIApplicationSceneManifest_Generation = YES;
				INFOPLIST_KEY_UIApplicationSupportsIndirectInputEvents = YES;
				INFOPLIST_KEY_UILaunchScreen_Generation = YES;
				INFOPLIST_KEY_UISupportedInterfaceOrientations_iPad = "UIInterfaceOrientationPortrait UIInterfaceOrientationPortraitUpsideDown UIInterfaceOrientationLandscapeLeft UIInterfaceOrientationLandscapeRight";
				INFOPLIST_KEY_UISupportedInterfaceOrientations_iPhone = "UIInterfaceOrientationPortrait UIInterfaceOrientationLandscapeLeft UIInterfaceOrientationLandscapeRight";
				LD_RUNPATH_SEARCH_PATHS = (
					"$(inherited)",
					"@executable_path/Frameworks",
				);
				MARKETING_VERSION = 1.0;
				PRODUCT_BUNDLE_IDENTIFIER = dev.Lorenzo.LorenzoProject;
				PRODUCT_NAME = "$(TARGET_NAME)";
				SWIFT_EMIT_LOC_STRINGS = YES;
				SWIFT_VERSION = 5.0;
				TARGETED_DEVICE_FAMILY = "1,2";
			};
			name = Release;
		};
/* End XCBuildConfiguration section */

/* Begin XCConfigurationList section */
		EDFEEAB92B0B6CDD0032439A /* Build configuration list for PBXProject "LorenzoProject" */ = {
			isa = XCConfigurationList;
			buildConfigurations = (
				EDFEEACA2B0B6CE00032439A /* Debug */,
				EDFEEACB2B0B6CE00032439A /* Release */,
			);
			defaultConfigurationIsVisible = 0;
			defaultConfigurationName = Release;
		};
		EDFEEACC2B0B6CE00032439A /* Build configuration list for PBXNativeTarget "LorenzoProject" */ = {
			isa = XCConfigurationList;
			buildConfigurations = (
				EDFEEACD2B0B6CE00032439A /* Debug */,
				EDFEEACE2B0B6CE00032439A /* Release */,
			);
			defaultConfigurationIsVisible = 0;
			defaultConfigurationName = Release;
		};
/* End XCConfigurationList section */
	};
	rootObject = EDFEEAB62B0B6CDD0032439A /* Project object */;
}
